
Microsoft Visual Studio Solution File, Format Version 12.00
# Visual Studio 15
VisualStudioVersion = 15.0.27428.2037
MinimumVisualStudioVersion = 10.0.40219.1
Project("{9A19103F-16F7-4668-BE54-9A1E7A4F7556}") = "CarRental.Domain", "CarRental.Domain\CarRental.Domain.csproj", "{E07B1553-04BC-497E-88AD-C118B360E1C3}"
EndProject
Project("{FAE04EC0-301F-11D3-BF4B-00C04F79EFBC}") = "CarRental.Domain.Test", "CarRental.Domain.Test\CarRental.Domain.Test.csproj", "{EA9264A3-C378-4EB1-A698-5CA0F45D2937}"
EndProject
Global
	GlobalSection(SolutionConfigurationPlatforms) = preSolution
		Debug|Any CPU = Debug|Any CPU
		Release|Any CPU = Release|Any CPU
	EndGlobalSection
	GlobalSection(ProjectConfigurationPlatforms) = postSolution
		{E07B1553-04BC-497E-88AD-C118B360E1C3}.Debug|Any CPU.ActiveCfg = Debug|Any CPU
		{E07B1553-04BC-497E-88AD-C118B360E1C3}.Debug|Any CPU.Build.0 = Debug|Any CPU
		{E07B1553-04BC-497E-88AD-C118B360E1C3}.Release|Any CPU.ActiveCfg = Release|Any CPU
		{E07B1553-04BC-497E-88AD-C118B360E1C3}.Release|Any CPU.Build.0 = Release|Any CPU
		{EA9264A3-C378-4EB1-A698-5CA0F45D2937}.Debug|Any CPU.ActiveCfg = Debug|Any CPU
		{EA9264A3-C378-4EB1-A698-5CA0F45D2937}.Debug|Any CPU.Build.0 = Debug|Any CPU
		{EA9264A3-C378-4EB1-A698-5CA0F45D2937}.Release|Any CPU.ActiveCfg = Release|Any CPU
		{EA9264A3-C378-4EB1-A698-5CA0F45D2937}.Release|Any CPU.Build.0 = Release|Any CPU
	EndGlobalSection
	GlobalSection(SolutionProperties) = preSolution
		HideSolutionNode = FALSE
	EndGlobalSection
	GlobalSection(ExtensibilityGlobals) = postSolution
		SolutionGuid = {868A01BD-1173-44F6-8943-1D8F29FDB8C1}
	EndGlobalSection
EndGlobal
